// !$*UTF8*$!
{
	archiveVersion = 1;
	classes = {
	};
	objectVersion = 46;
	objects = {

/* Begin PBXBuildFile section */
		45782A0D195E031D00F65453 /* LoginViewController.swift in Sources */ = {isa = PBXBuildFile; fileRef = 45782A0C195E031D00F65453 /* LoginViewController.swift */; };
		45782A0F195F68A400F65453 /* ShowListTableViewController.swift in Sources */ = {isa = PBXBuildFile; fileRef = 45782A0E195F68A400F65453 /* ShowListTableViewController.swift */; };
		45E0DC48195DED80008DBAF7 /* AppDelegate.swift in Sources */ = {isa = PBXBuildFile; fileRef = 45E0DC47195DED80008DBAF7 /* AppDelegate.swift */; };
		45E0DC4B195DED80008DBAF7 /* TV_Tracker.xcdatamodeld in Sources */ = {isa = PBXBuildFile; fileRef = 45E0DC49195DED80008DBAF7 /* TV_Tracker.xcdatamodeld */; };
		45E0DC50195DED80008DBAF7 /* Main.storyboard in Resources */ = {isa = PBXBuildFile; fileRef = 45E0DC4E195DED80008DBAF7 /* Main.storyboard */; };
		45E0DC52195DED80008DBAF7 /* Images.xcassets in Resources */ = {isa = PBXBuildFile; fileRef = 45E0DC51195DED80008DBAF7 /* Images.xcassets */; };
		45E0DC5E195DED80008DBAF7 /* TV_TrackerTests.swift in Sources */ = {isa = PBXBuildFile; fileRef = 45E0DC5D195DED80008DBAF7 /* TV_TrackerTests.swift */; };
/* End PBXBuildFile section */

/* Begin PBXContainerItemProxy section */
		45782A15195F744500F65453 /* PBXContainerItemProxy */ = {
			isa = PBXContainerItemProxy;
			containerPortal = 45E0DC3A195DED80008DBAF7 /* Project object */;
			proxyType = 1;
			remoteGlobalIDString = 45E0DC41195DED80008DBAF7;
			remoteInfo = "TV Tracker";
		};
		45782A17195F744500F65453 /* PBXContainerItemProxy */ = {
			isa = PBXContainerItemProxy;
			containerPortal = 45E0DC3A195DED80008DBAF7 /* Project object */;
			proxyType = 1;
			remoteGlobalIDString = 45E0DC41195DED80008DBAF7;
			remoteInfo = "TV Tracker";
		};
		45E0DC58195DED80008DBAF7 /* PBXContainerItemProxy */ = {
			isa = PBXContainerItemProxy;
			containerPortal = 45E0DC3A195DED80008DBAF7 /* Project object */;
			proxyType = 1;
			remoteGlobalIDString = 45E0DC41195DED80008DBAF7;
			remoteInfo = "TV Tracker";
		};
/* End PBXContainerItemProxy section */

/* Begin PBXFileReference section */
		45782A0C195E031D00F65453 /* LoginViewController.swift */ = {isa = PBXFileReference; fileEncoding = 4; lastKnownFileType = sourcecode.swift; path = LoginViewController.swift; sourceTree = "<group>"; };
		45782A0E195F68A400F65453 /* ShowListTableViewController.swift */ = {isa = PBXFileReference; fileEncoding = 4; lastKnownFileType = sourcecode.swift; path = ShowListTableViewController.swift; sourceTree = "<group>"; };
		45E0DC42195DED80008DBAF7 /* TV Tracker.app */ = {isa = PBXFileReference; explicitFileType = wrapper.application; includeInIndex = 0; path = "TV Tracker.app"; sourceTree = BUILT_PRODUCTS_DIR; };
		45E0DC46195DED80008DBAF7 /* Info.plist */ = {isa = PBXFileReference; lastKnownFileType = text.plist.xml; path = Info.plist; sourceTree = "<group>"; };
		45E0DC47195DED80008DBAF7 /* AppDelegate.swift */ = {isa = PBXFileReference; lastKnownFileType = sourcecode.swift; path = AppDelegate.swift; sourceTree = "<group>"; };
		45E0DC4A195DED80008DBAF7 /* TV_Tracker.xcdatamodel */ = {isa = PBXFileReference; lastKnownFileType = wrapper.xcdatamodel; path = TV_Tracker.xcdatamodel; sourceTree = "<group>"; };
		45E0DC4F195DED80008DBAF7 /* Base */ = {isa = PBXFileReference; lastKnownFileType = file.storyboard; name = Base; path = Base.lproj/Main.storyboard; sourceTree = "<group>"; };
		45E0DC51195DED80008DBAF7 /* Images.xcassets */ = {isa = PBXFileReference; lastKnownFileType = folder.assetcatalog; path = Images.xcassets; sourceTree = "<group>"; };
		45E0DC57195DED80008DBAF7 /* TV TrackerTests.xctest */ = {isa = PBXFileReference; explicitFileType = wrapper.cfbundle; includeInIndex = 0; path = "TV TrackerTests.xctest"; sourceTree = BUILT_PRODUCTS_DIR; };
		45E0DC5C195DED80008DBAF7 /* Info.plist */ = {isa = PBXFileReference; lastKnownFileType = text.plist.xml; path = Info.plist; sourceTree = "<group>"; };
		45E0DC5D195DED80008DBAF7 /* TV_TrackerTests.swift */ = {isa = PBXFileReference; lastKnownFileType = sourcecode.swift; path = TV_TrackerTests.swift; sourceTree = "<group>"; };
/* End PBXFileReference section */

/* Begin PBXFrameworksBuildPhase section */
		45E0DC3F195DED80008DBAF7 /* Frameworks */ = {
			isa = PBXFrameworksBuildPhase;
			buildActionMask = 2147483647;
			files = (
			);
			runOnlyForDeploymentPostprocessing = 0;
		};
		45E0DC54195DED80008DBAF7 /* Frameworks */ = {
			isa = PBXFrameworksBuildPhase;
			buildActionMask = 2147483647;
			files = (
			);
			runOnlyForDeploymentPostprocessing = 0;
		};
/* End PBXFrameworksBuildPhase section */

/* Begin PBXGroup section */
		45E0DC39195DED80008DBAF7 = {
			isa = PBXGroup;
			children = (
				45E0DC44195DED80008DBAF7 /* TV Tracker */,
				45E0DC5A195DED80008DBAF7 /* TV TrackerTests */,
				45E0DC43195DED80008DBAF7 /* Products */,
			);
			sourceTree = "<group>";
		};
		45E0DC43195DED80008DBAF7 /* Products */ = {
			isa = PBXGroup;
			children = (
				45E0DC42195DED80008DBAF7 /* TV Tracker.app */,
				45E0DC57195DED80008DBAF7 /* TV TrackerTests.xctest */,
			);
			name = Products;
			sourceTree = "<group>";
		};
		45E0DC44195DED80008DBAF7 /* TV Tracker */ = {
			isa = PBXGroup;
			children = (
				45E0DC47195DED80008DBAF7 /* AppDelegate.swift */,
				45782A0C195E031D00F65453 /* LoginViewController.swift */,
				45E0DC4E195DED80008DBAF7 /* Main.storyboard */,
				45782A0E195F68A400F65453 /* ShowListTableViewController.swift */,
				45E0DC51195DED80008DBAF7 /* Images.xcassets */,
				45E0DC49195DED80008DBAF7 /* TV_Tracker.xcdatamodeld */,
				45E0DC45195DED80008DBAF7 /* Supporting Files */,
			);
			path = "TV Tracker";
			sourceTree = "<group>";
		};
		45E0DC45195DED80008DBAF7 /* Supporting Files */ = {
			isa = PBXGroup;
			children = (
				45E0DC46195DED80008DBAF7 /* Info.plist */,
			);
			name = "Supporting Files";
			sourceTree = "<group>";
		};
		45E0DC5A195DED80008DBAF7 /* TV TrackerTests */ = {
			isa = PBXGroup;
			children = (
				45E0DC5D195DED80008DBAF7 /* TV_TrackerTests.swift */,
				45E0DC5B195DED80008DBAF7 /* Supporting Files */,
			);
			path = "TV TrackerTests";
			sourceTree = "<group>";
		};
		45E0DC5B195DED80008DBAF7 /* Supporting Files */ = {
			isa = PBXGroup;
			children = (
				45E0DC5C195DED80008DBAF7 /* Info.plist */,
			);
			name = "Supporting Files";
			sourceTree = "<group>";
		};
/* End PBXGroup section */

/* Begin PBXNativeTarget section */
		45E0DC41195DED80008DBAF7 /* TV Tracker */ = {
			isa = PBXNativeTarget;
			buildConfigurationList = 45E0DC61195DED80008DBAF7 /* Build configuration list for PBXNativeTarget "TV Tracker" */;
			buildPhases = (
				45E0DC3E195DED80008DBAF7 /* Sources */,
				45E0DC3F195DED80008DBAF7 /* Frameworks */,
				45E0DC40195DED80008DBAF7 /* Resources */,
			);
			buildRules = (
			);
			dependencies = (
			);
			name = "TV Tracker";
			productName = "TV Tracker";
			productReference = 45E0DC42195DED80008DBAF7 /* TV Tracker.app */;
			productType = "com.apple.product-type.application";
		};
		45E0DC56195DED80008DBAF7 /* TV TrackerTests */ = {
			isa = PBXNativeTarget;
			buildConfigurationList = 45E0DC64195DED80008DBAF7 /* Build configuration list for PBXNativeTarget "TV TrackerTests" */;
			buildPhases = (
				45E0DC53195DED80008DBAF7 /* Sources */,
				45E0DC54195DED80008DBAF7 /* Frameworks */,
				45E0DC55195DED80008DBAF7 /* Resources */,
			);
			buildRules = (
			);
			dependencies = (
				45E0DC59195DED80008DBAF7 /* PBXTargetDependency */,
				45782A16195F744500F65453 /* PBXTargetDependency */,
				45782A18195F744500F65453 /* PBXTargetDependency */,
			);
			name = "TV TrackerTests";
			productName = "TV TrackerTests";
			productReference = 45E0DC57195DED80008DBAF7 /* TV TrackerTests.xctest */;
			productType = "com.apple.product-type.bundle.unit-test";
		};
/* End PBXNativeTarget section */

/* Begin PBXProject section */
		45E0DC3A195DED80008DBAF7 /* Project object */ = {
			isa = PBXProject;
			attributes = {
				LastUpgradeCheck = 0600;
				ORGANIZATIONNAME = "Atharv Vaish";
				TargetAttributes = {
					45E0DC41195DED80008DBAF7 = {
						CreatedOnToolsVersion = 6.0;
						DevelopmentTeam = WFA83R9TQA;
						SystemCapabilities = {
							com.apple.BackgroundModes = {
								enabled = 1;
							};
						};
					};
					45E0DC56195DED80008DBAF7 = {
						CreatedOnToolsVersion = 6.0;
						TestTargetID = 45E0DC41195DED80008DBAF7;
					};
				};
			};
			buildConfigurationList = 45E0DC3D195DED80008DBAF7 /* Build configuration list for PBXProject "TV Tracker" */;
			compatibilityVersion = "Xcode 3.2";
			developmentRegion = English;
			hasScannedForEncodings = 0;
			knownRegions = (
				en,
				Base,
			);
			mainGroup = 45E0DC39195DED80008DBAF7;
			productRefGroup = 45E0DC43195DED80008DBAF7 /* Products */;
			projectDirPath = "";
			projectRoot = "";
			targets = (
				45E0DC41195DED80008DBAF7 /* TV Tracker */,
				45E0DC56195DED80008DBAF7 /* TV TrackerTests */,
			);
		};
/* End PBXProject section */

/* Begin PBXResourcesBuildPhase section */
		45E0DC40195DED80008DBAF7 /* Resources */ = {
			isa = PBXResourcesBuildPhase;
			buildActionMask = 2147483647;
			files = (
				45E0DC50195DED80008DBAF7 /* Main.storyboard in Resources */,
				45E0DC52195DED80008DBAF7 /* Images.xcassets in Resources */,
			);
			runOnlyForDeploymentPostprocessing = 0;
		};
		45E0DC55195DED80008DBAF7 /* Resources */ = {
			isa = PBXResourcesBuildPhase;
			buildActionMask = 2147483647;
			files = (
			);
			runOnlyForDeploymentPostprocessing = 0;
		};
/* End PBXResourcesBuildPhase section */

/* Begin PBXSourcesBuildPhase section */
		45E0DC3E195DED80008DBAF7 /* Sources */ = {
			isa = PBXSourcesBuildPhase;
			buildActionMask = 2147483647;
			files = (
				45782A0F195F68A400F65453 /* ShowListTableViewController.swift in Sources */,
				45782A0D195E031D00F65453 /* LoginViewController.swift in Sources */,
				45E0DC4B195DED80008DBAF7 /* TV_Tracker.xcdatamodeld in Sources */,
				45E0DC48195DED80008DBAF7 /* AppDelegate.swift in Sources */,
			);
			runOnlyForDeploymentPostprocessing = 0;
		};
		45E0DC53195DED80008DBAF7 /* Sources */ = {
			isa = PBXSourcesBuildPhase;
			buildActionMask = 2147483647;
			files = (
				45E0DC5E195DED80008DBAF7 /* TV_TrackerTests.swift in Sources */,
			);
			runOnlyForDeploymentPostprocessing = 0;
		};
/* End PBXSourcesBuildPhase section */

/* Begin PBXTargetDependency section */
		45782A16195F744500F65453 /* PBXTargetDependency */ = {
			isa = PBXTargetDependency;
			target = 45E0DC41195DED80008DBAF7 /* TV Tracker */;
			targetProxy = 45782A15195F744500F65453 /* PBXContainerItemProxy */;
		};
		45782A18195F744500F65453 /* PBXTargetDependency */ = {
			isa = PBXTargetDependency;
			target = 45E0DC41195DED80008DBAF7 /* TV Tracker */;
			targetProxy = 45782A17195F744500F65453 /* PBXContainerItemProxy */;
		};
		45E0DC59195DED80008DBAF7 /* PBXTargetDependency */ = {
			isa = PBXTargetDependency;
			target = 45E0DC41195DED80008DBAF7 /* TV Tracker */;
			targetProxy = 45E0DC58195DED80008DBAF7 /* PBXContainerItemProxy */;
		};
/* End PBXTargetDependency section */

/* Begin PBXVariantGroup section */
		45E0DC4E195DED80008DBAF7 /* Main.storyboard */ = {
			isa = PBXVariantGroup;
			children = (
				45E0DC4F195DED80008DBAF7 /* Base */,
			);
			name = Main.storyboard;
			sourceTree = "<group>";
		};
/* End PBXVariantGroup section */

/* Begin XCBuildConfiguration section */
		45E0DC5F195DED80008DBAF7 /* Debug */ = {
			isa = XCBuildConfiguration;
			buildSettings = {
				ALWAYS_SEARCH_USER_PATHS = NO;
				CLANG_CXX_LANGUAGE_STANDARD = "gnu++0x";
				CLANG_CXX_LIBRARY = "libc++";
				CLANG_ENABLE_MODULES = YES;
				CLANG_ENABLE_OBJC_ARC = YES;
				CLANG_WARN_BOOL_CONVERSION = YES;
				CLANG_WARN_CONSTANT_CONVERSION = YES;
				CLANG_WARN_DIRECT_OBJC_ISA_USAGE = YES_ERROR;
				CLANG_WARN_EMPTY_BODY = YES;
				CLANG_WARN_ENUM_CONVERSION = YES;
				CLANG_WARN_INT_CONVERSION = YES;
				CLANG_WARN_OBJC_ROOT_CLASS = YES_ERROR;
				CLANG_WARN_UNREACHABLE_CODE = YES;
				CLANG_WARN__DUPLICATE_METHOD_MATCH = YES;
				"CODE_SIGN_IDENTITY[sdk=iphoneos*]" = "iPhone Developer";
				COPY_PHASE_STRIP = NO;
				ENABLE_STRICT_OBJC_MSGSEND = YES;
				GCC_C_LANGUAGE_STANDARD = gnu99;
				GCC_DYNAMIC_NO_PIC = NO;
				GCC_OPTIMIZATION_LEVEL = 0;
				GCC_PREPROCESSOR_DEFINITIONS = (
					"DEBUG=1",
					"$(inherited)",
				);
				GCC_SYMBOLS_PRIVATE_EXTERN = NO;
				GCC_WARN_64_TO_32_BIT_CONVERSION = YES;
				GCC_WARN_ABOUT_RETURN_TYPE = YES_ERROR;
				GCC_WARN_UNDECLARED_SELECTOR = YES;
				GCC_WARN_UNINITIALIZED_AUTOS = YES_AGGRESSIVE;
				GCC_WARN_UNUSED_FUNCTION = YES;
				GCC_WARN_UNUSED_VARIABLE = YES;
				IPHONEOS_DEPLOYMENT_TARGET = 8.0;
				METAL_ENABLE_DEBUG_INFO = YES;
				ONLY_ACTIVE_ARCH = YES;
				SDKROOT = iphoneos;
				SWIFT_OPTIMIZATION_LEVEL = "-Onone";
				TARGETED_DEVICE_FAMILY = "1,2";
			};
			name = Debug;
		};
		45E0DC60195DED80008DBAF7 /* Release */ = {
			isa = XCBuildConfiguration;
			buildSettings = {
				ALWAYS_SEARCH_USER_PATHS = NO;
				CLANG_CXX_LANGUAGE_STANDARD = "gnu++0x";
				CLANG_CXX_LIBRARY = "libc++";
				CLANG_ENABLE_MODULES = YES;
				CLANG_ENABLE_OBJC_ARC = YES;
				CLANG_WARN_BOOL_CONVERSION = YES;
				CLANG_WARN_CONSTANT_CONVERSION = YES;
				CLANG_WARN_DIRECT_OBJC_ISA_USAGE = YES_ERROR;
				CLANG_WARN_EMPTY_BODY = YES;
				CLANG_WARN_ENUM_CONVERSION = YES;
				CLANG_WARN_INT_CONVERSION = YES;
				CLANG_WARN_OBJC_ROOT_CLASS = YES_ERROR;
				CLANG_WARN_UNREACHABLE_CODE = YES;
				CLANG_WARN__DUPLICATE_METHOD_MATCH = YES;
				"CODE_SIGN_IDENTITY[sdk=iphoneos*]" = "iPhone Developer";
				COPY_PHASE_STRIP = YES;
				ENABLE_NS_ASSERTIONS = NO;
				ENABLE_STRICT_OBJC_MSGSEND = YES;
				GCC_C_LANGUAGE_STANDARD = gnu99;
				GCC_WARN_64_TO_32_BIT_CONVERSION = YES;
				GCC_WARN_ABOUT_RETURN_TYPE = YES_ERROR;
				GCC_WARN_UNDECLARED_SELECTOR = YES;
				GCC_WARN_UNINITIALIZED_AUTOS = YES_AGGRESSIVE;
				GCC_WARN_UNUSED_FUNCTION = YES;
				GCC_WARN_UNUSED_VARIABLE = YES;
				IPHONEOS_DEPLOYMENT_TARGET = 8.0;
				METAL_ENABLE_DEBUG_INFO = NO;
				SDKROOT = iphoneos;
				TARGETED_DEVICE_FAMILY = "1,2";
				VALIDATE_PRODUCT = YES;
			};
			name = Release;
		};
		45E0DC62195DED80008DBAF7 /* Debug */ = {
			isa = XCBuildConfiguration;
			buildSettings = {
				ASSETCATALOG_COMPILER_APPICON_NAME = AppIcon;
				ASSETCATALOG_COMPILER_LAUNCHIMAGE_NAME = LaunchImage;
				CODE_SIGN_IDENTITY = "iPhone Developer";
				INFOPLIST_FILE = "TV Tracker/Info.plist";
				LD_RUNPATH_SEARCH_PATHS = "$(inherited) @executable_path/Frameworks";
				PRODUCT_NAME = "$(TARGET_NAME)";
			};
			name = Debug;
		};
		45E0DC63195DED80008DBAF7 /* Release */ = {
			isa = XCBuildConfiguration;
			buildSettings = {
				ASSETCATALOG_COMPILER_APPICON_NAME = AppIcon;
				ASSETCATALOG_COMPILER_LAUNCHIMAGE_NAME = LaunchImage;
				CODE_SIGN_IDENTITY = "iPhone Developer";
				INFOPLIST_FILE = "TV Tracker/Info.plist";
				LD_RUNPATH_SEARCH_PATHS = "$(inherited) @executable_path/Frameworks";
				PRODUCT_NAME = "$(TARGET_NAME)";
			};
			name = Release;
		};
		45E0DC65195DED80008DBAF7 /* Debug */ = {
			isa = XCBuildConfiguration;
			buildSettings = {
				BUNDLE_LOADER = "$(BUILT_PRODUCTS_DIR)/TV Tracker.app/TV Tracker";
				FRAMEWORK_SEARCH_PATHS = (
					"$(SDKROOT)/Developer/Library/Frameworks",
					"$(inherited)",
				);
				GCC_PREPROCESSOR_DEFINITIONS = (
					"DEBUG=1",
					"$(inherited)",
				);
				INFOPLIST_FILE = "TV TrackerTests/Info.plist";
				LD_RUNPATH_SEARCH_PATHS = "$(inherited) @executable_path/Frameworks @loader_path/Frameworks";
				METAL_ENABLE_DEBUG_INFO = YES;
				PRODUCT_NAME = "$(TARGET_NAME)";
				TEST_HOST = "$(BUNDLE_LOADER)";
			};
			name = Debug;
		};
		45E0DC66195DED80008DBAF7 /* Release */ = {
			isa = XCBuildConfiguration;
			buildSettings = {
				BUNDLE_LOADER = "$(BUILT_PRODUCTS_DIR)/TV Tracker.app/TV Tracker";
				FRAMEWORK_SEARCH_PATHS = (
					"$(SDKROOT)/Developer/Library/Frameworks",
					"$(inherited)",
				);
				INFOPLIST_FILE = "TV TrackerTests/Info.plist";
				LD_RUNPATH_SEARCH_PATHS = "$(inherited) @executable_path/Frameworks @loader_path/Frameworks";
				METAL_ENABLE_DEBUG_INFO = NO;
				PRODUCT_NAME = "$(TARGET_NAME)";
				TEST_HOST = "$(BUNDLE_LOADER)";
			};
			name = Release;
		};
/* End XCBuildConfiguration section */

/* Begin XCConfigurationList section */
		45E0DC3D195DED80008DBAF7 /* Build configuration list for PBXProject "TV Tracker" */ = {
			isa = XCConfigurationList;
			buildConfigurations = (
				45E0DC5F195DED80008DBAF7 /* Debug */,
				45E0DC60195DED80008DBAF7 /* Release */,
			);
			defaultConfigurationIsVisible = 0;
			defaultConfigurationName = Release;
		};
		45E0DC61195DED80008DBAF7 /* Build configuration list for PBXNativeTarget "TV Tracker" */ = {
			isa = XCConfigurationList;
			buildConfigurations = (
				45E0DC62195DED80008DBAF7 /* Debug */,
				45E0DC63195DED80008DBAF7 /* Release */,
			);
			defaultConfigurationIsVisible = 0;
			defaultConfigurationName = Release;
		};
		45E0DC64195DED80008DBAF7 /* Build configuration list for PBXNativeTarget "TV TrackerTests" */ = {
			isa = XCConfigurationList;
			buildConfigurations = (
				45E0DC65195DED80008DBAF7 /* Debug */,
				45E0DC66195DED80008DBAF7 /* Release */,
			);
			defaultConfigurationIsVisible = 0;
			defaultConfigurationName = Release;
		};
/* End XCConfigurationList section */

/* Begin XCVersionGroup section */
		45E0DC49195DED80008DBAF7 /* TV_Tracker.xcdatamodeld */ = {
			isa = XCVersionGroup;
			children = (
				45E0DC4A195DED80008DBAF7 /* TV_Tracker.xcdatamodel */,
			);
			currentVersion = 45E0DC4A195DED80008DBAF7 /* TV_Tracker.xcdatamodel */;
			path = TV_Tracker.xcdatamodeld;
			sourceTree = "<group>";
			versionGroupType = wrapper.xcdatamodel;
		};
/* End XCVersionGroup section */
	};
	rootObject = 45E0DC3A195DED80008DBAF7 /* Project object */;
}
